
Microsoft Visual Studio Solution File, Format Version 12.00
# Visual Studio Version 17
VisualStudioVersion = 17.11.35219.272
MinimumVisualStudioVersion = 10.0.40219.1
Project("{FAE04EC0-301F-11D3-BF4B-00C04F79EFBC}") = "EntityCoreMiddlewareDemo", "EntityCoreMiddlewareDemo.csproj", "{AD5EA759-4D8F-4C7F-B571-0EDC66B3F0FB}"
EndProject
Global
	GlobalSection(SolutionConfigurationPlatforms) = preSolution
		Debug|Any CPU = Debug|Any CPU
		Release|Any CPU = Release|Any CPU
	EndGlobalSection
	GlobalSection(ProjectConfigurationPlatforms) = postSolution
		{AD5EA759-4D8F-4C7F-B571-0EDC66B3F0FB}.Debug|Any CPU.ActiveCfg = Debug|Any CPU
		{AD5EA759-4D8F-4C7F-B571-0EDC66B3F0FB}.Debug|Any CPU.Build.0 = Debug|Any CPU
		{AD5EA759-4D8F-4C7F-B571-0EDC66B3F0FB}.Release|Any CPU.ActiveCfg = Release|Any CPU
		{AD5EA759-4D8F-4C7F-B571-0EDC66B3F0FB}.Release|Any CPU.Build.0 = Release|Any CPU
	EndGlobalSection
	GlobalSection(SolutionProperties) = preSolution
		HideSolutionNode = FALSE
	EndGlobalSection
	GlobalSection(ExtensibilityGlobals) = postSolution
		SolutionGuid = {095948FC-F3FA-46CA-BCEB-4BA0A67EC64D}
	EndGlobalSection
EndGlobal
